
Microsoft Visual Studio Solution File, Format Version 12.00
# Visual Studio Version 17
VisualStudioVersion = 17.9.34728.123
MinimumVisualStudioVersion = 10.0.40219.1
Project("{2150E333-8FDC-42A3-9474-1A3956D46DE8}") = "Solution Items", "Solution Items", "{438D7E7E-A438-454F-905D-600BE4AC64CB}"
	ProjectSection(SolutionItems) = preProject
		Note.txt = Note.txt
	EndProjectSection
EndProject
Project("{FAE04EC0-301F-11D3-BF4B-00C04F79EFBC}") = "DAL", "DAL\DAL.csproj", "{F8E129BB-7BBD-43E2-BC14-CD8F1CC153F5}"
EndProject
Project("{FAE04EC0-301F-11D3-BF4B-00C04F79EFBC}") = "BL", "BL\BL.csproj", "{ED7B3387-3029-4674-872B-A6E58191FD24}"
EndProject
Project("{FAE04EC0-301F-11D3-BF4B-00C04F79EFBC}") = "UI.Win", "UI.Win\UI.Win.csproj", "{BD9EB31F-551C-4A3A-937C-49D7E2641447}"
EndProject
Project("{2150E333-8FDC-42A3-9474-1A3956D46DE8}") = "Models", "Models", "{12A4030C-8E0E-4E10-8953-C56D28EEB0C0}"
EndProject
Project("{FAE04EC0-301F-11D3-BF4B-00C04F79EFBC}") = "DomainModel", "DomainModel\DomainModel.csproj", "{2EAC0A0C-8025-43F2-AE83-853F0B96DB98}"
EndProject
Project("{FAE04EC0-301F-11D3-BF4B-00C04F79EFBC}") = "ViewModel", "ViewModel\ViewModel.csproj", "{5E785894-73F0-4D68-B6DD-2B0F2919D1B7}"
EndProject
Project("{FAE04EC0-301F-11D3-BF4B-00C04F79EFBC}") = "AppReport", "AppReport\AppReport.csproj", "{7CBB5811-68E1-4957-913B-F01065223F90}"
EndProject
Project("{FAE04EC0-301F-11D3-BF4B-00C04F79EFBC}") = "AppRegex", "Regex\AppRegex.csproj", "{3D76E355-385C-4C99-861B-DD4B1BD9E386}"
EndProject
Project("{FAE04EC0-301F-11D3-BF4B-00C04F79EFBC}") = "SMS", "SMS\SMS.csproj", "{9234954B-B221-4A1B-B7D8-87B9B6032972}"
EndProject
Global
	GlobalSection(SolutionConfigurationPlatforms) = preSolution
		Debug|Any CPU = Debug|Any CPU
		Release|Any CPU = Release|Any CPU
	EndGlobalSection
	GlobalSection(ProjectConfigurationPlatforms) = postSolution
		{F8E129BB-7BBD-43E2-BC14-CD8F1CC153F5}.Debug|Any CPU.ActiveCfg = Debug|Any CPU
		{F8E129BB-7BBD-43E2-BC14-CD8F1CC153F5}.Debug|Any CPU.Build.0 = Debug|Any CPU
		{F8E129BB-7BBD-43E2-BC14-CD8F1CC153F5}.Release|Any CPU.ActiveCfg = Release|Any CPU
		{F8E129BB-7BBD-43E2-BC14-CD8F1CC153F5}.Release|Any CPU.Build.0 = Release|Any CPU
		{ED7B3387-3029-4674-872B-A6E58191FD24}.Debug|Any CPU.ActiveCfg = Debug|Any CPU
		{ED7B3387-3029-4674-872B-A6E58191FD24}.Debug|Any CPU.Build.0 = Debug|Any CPU
		{ED7B3387-3029-4674-872B-A6E58191FD24}.Release|Any CPU.ActiveCfg = Release|Any CPU
		{ED7B3387-3029-4674-872B-A6E58191FD24}.Release|Any CPU.Build.0 = Release|Any CPU
		{BD9EB31F-551C-4A3A-937C-49D7E2641447}.Debug|Any CPU.ActiveCfg = Debug|Any CPU
		{BD9EB31F-551C-4A3A-937C-49D7E2641447}.Debug|Any CPU.Build.0 = Debug|Any CPU
		{BD9EB31F-551C-4A3A-937C-49D7E2641447}.Release|Any CPU.ActiveCfg = Release|Any CPU
		{BD9EB31F-551C-4A3A-937C-49D7E2641447}.Release|Any CPU.Build.0 = Release|Any CPU
		{2EAC0A0C-8025-43F2-AE83-853F0B96DB98}.Debug|Any CPU.ActiveCfg = Debug|Any CPU
		{2EAC0A0C-8025-43F2-AE83-853F0B96DB98}.Debug|Any CPU.Build.0 = Debug|Any CPU
		{2EAC0A0C-8025-43F2-AE83-853F0B96DB98}.Release|Any CPU.ActiveCfg = Release|Any CPU
		{2EAC0A0C-8025-43F2-AE83-853F0B96DB98}.Release|Any CPU.Build.0 = Release|Any CPU
		{5E785894-73F0-4D68-B6DD-2B0F2919D1B7}.Debug|Any CPU.ActiveCfg = Debug|Any CPU
		{5E785894-73F0-4D68-B6DD-2B0F2919D1B7}.Debug|Any CPU.Build.0 = Debug|Any CPU
		{5E785894-73F0-4D68-B6DD-2B0F2919D1B7}.Release|Any CPU.ActiveCfg = Release|Any CPU
		{5E785894-73F0-4D68-B6DD-2B0F2919D1B7}.Release|Any CPU.Build.0 = Release|Any CPU
		{7CBB5811-68E1-4957-913B-F01065223F90}.Debug|Any CPU.ActiveCfg = Debug|Any CPU
		{7CBB5811-68E1-4957-913B-F01065223F90}.Debug|Any CPU.Build.0 = Debug|Any CPU
		{7CBB5811-68E1-4957-913B-F01065223F90}.Release|Any CPU.ActiveCfg = Release|Any CPU
		{7CBB5811-68E1-4957-913B-F01065223F90}.Release|Any CPU.Build.0 = Release|Any CPU
		{3D76E355-385C-4C99-861B-DD4B1BD9E386}.Debug|Any CPU.ActiveCfg = Debug|Any CPU
		{3D76E355-385C-4C99-861B-DD4B1BD9E386}.Debug|Any CPU.Build.0 = Debug|Any CPU
		{3D76E355-385C-4C99-861B-DD4B1BD9E386}.Release|Any CPU.ActiveCfg = Release|Any CPU
		{3D76E355-385C-4C99-861B-DD4B1BD9E386}.Release|Any CPU.Build.0 = Release|Any CPU
		{9234954B-B221-4A1B-B7D8-87B9B6032972}.Debug|Any CPU.ActiveCfg = Debug|Any CPU
		{9234954B-B221-4A1B-B7D8-87B9B6032972}.Debug|Any CPU.Build.0 = Debug|Any CPU
		{9234954B-B221-4A1B-B7D8-87B9B6032972}.Release|Any CPU.ActiveCfg = Release|Any CPU
		{9234954B-B221-4A1B-B7D8-87B9B6032972}.Release|Any CPU.Build.0 = Release|Any CPU
	EndGlobalSection
	GlobalSection(SolutionProperties) = preSolution
		HideSolutionNode = FALSE
	EndGlobalSection
	GlobalSection(NestedProjects) = preSolution
		{2EAC0A0C-8025-43F2-AE83-853F0B96DB98} = {12A4030C-8E0E-4E10-8953-C56D28EEB0C0}
		{5E785894-73F0-4D68-B6DD-2B0F2919D1B7} = {12A4030C-8E0E-4E10-8953-C56D28EEB0C0}
	EndGlobalSection
	GlobalSection(ExtensibilityGlobals) = postSolution
		SolutionGuid = {7BFC5393-1C82-4FBE-AC53-4F8B6A5210C6}
	EndGlobalSection
EndGlobal
